
Microsoft Visual Studio Solution File, Format Version 12.00
# Visual Studio Version 17
VisualStudioVersion = 17.1.32319.34
MinimumVisualStudioVersion = 10.0.40219.1
Project("{8BC9CEB8-8B4A-11D0-8D11-00A0C91BC942}") = "EverythingExt", "EverythingExt\EverythingExt.vcxproj", "{102EEFA7-F37C-4FA7-AC25-D4DDC2E797E7}"
EndProject
Project("{8BC9CEB8-8B4A-11D0-8D11-00A0C91BC942}") = "test", "test\test.vcxproj", "{80718343-F2B4-4358-8D44-321CBE687F92}"
EndProject
Project("{8BC9CEB8-8B4A-11D0-8D11-00A0C91BC942}") = "IbWinCpp", "external\build\_deps\ibwincpp-build\IbWinCpp.vcxproj", "{81A0272A-5EF3-30A8-9154-3A5A8DF9AA70}"
EndProject
Project("{8BC9CEB8-8B4A-11D0-8D11-00A0C91BC942}") = "IbEverything", "external\build\_deps\ibeverything-build\everything-cpp\IbEverything.vcxproj", "{1DBB8594-6BAF-34C0-9998-6AA359588998}"
EndProject
Project("{8BC9CEB8-8B4A-11D0-8D11-00A0C91BC942}") = "IbPinyin", "external\build\_deps\ibpinyin-build\IbPinyin.vcxproj", "{169D9787-0F47-3EE4-9056-C52DFC6E922A}"
EndProject
Project("{8BC9CEB8-8B4A-11D0-8D11-00A0C91BC942}") = "IbUpdate", "external\build\_deps\ibupdate-build\C++\IbUpdate.vcxproj", "{90572FC6-3F72-3CB1-A7E3-14D1FC6BF226}"
EndProject
Project("{8BC9CEB8-8B4A-11D0-8D11-00A0C91BC942}") = "Updater", "Updater\Updater.vcxproj", "{F1492EF6-27C2-44CD-A34B-E55F45DA5222}"
EndProject
Project("{8BC9CEB8-8B4A-11D0-8D11-00A0C91BC942}") = "github_api", "external\build\_deps\github_api-build\github_api.vcxproj", "{9A48DEA3-C71B-30FC-AC03-8929973872CE}"
EndProject
Project("{8BC9CEB8-8B4A-11D0-8D11-00A0C91BC942}") = "loader", "loader\loader.vcxproj", "{68C7980D-9570-470A-8732-B04717AB5CC6}"
EndProject
Global
	GlobalSection(SolutionConfigurationPlatforms) = preSolution
		Debug|x64 = Debug|x64
		Debug|x86 = Debug|x86
		MinSizeRel|x64 = MinSizeRel|x64
		MinSizeRel|x86 = MinSizeRel|x86
		Release|x64 = Release|x64
		Release|x86 = Release|x86
		RelWithDebInfo|x64 = RelWithDebInfo|x64
		RelWithDebInfo|x86 = RelWithDebInfo|x86
	EndGlobalSection
	GlobalSection(ProjectConfigurationPlatforms) = postSolution
		{102EEFA7-F37C-4FA7-AC25-D4DDC2E797E7}.Debug|x64.ActiveCfg = Debug|x64
		{102EEFA7-F37C-4FA7-AC25-D4DDC2E797E7}.Debug|x64.Build.0 = Debug|x64
		{102EEFA7-F37C-4FA7-AC25-D4DDC2E797E7}.Debug|x86.ActiveCfg = Debug|Win32
		{102EEFA7-F37C-4FA7-AC25-D4DDC2E797E7}.Debug|x86.Build.0 = Debug|Win32
		{102EEFA7-F37C-4FA7-AC25-D4DDC2E797E7}.MinSizeRel|x64.ActiveCfg = Release|x64
		{102EEFA7-F37C-4FA7-AC25-D4DDC2E797E7}.MinSizeRel|x64.Build.0 = Release|x64
		{102EEFA7-F37C-4FA7-AC25-D4DDC2E797E7}.MinSizeRel|x86.ActiveCfg = Release|Win32
		{102EEFA7-F37C-4FA7-AC25-D4DDC2E797E7}.MinSizeRel|x86.Build.0 = Release|Win32
		{102EEFA7-F37C-4FA7-AC25-D4DDC2E797E7}.Release|x64.ActiveCfg = Release|x64
		{102EEFA7-F37C-4FA7-AC25-D4DDC2E797E7}.Release|x64.Build.0 = Release|x64
		{102EEFA7-F37C-4FA7-AC25-D4DDC2E797E7}.Release|x86.ActiveCfg = Release|Win32
		{102EEFA7-F37C-4FA7-AC25-D4DDC2E797E7}.Release|x86.Build.0 = Release|Win32
		{102EEFA7-F37C-4FA7-AC25-D4DDC2E797E7}.RelWithDebInfo|x64.ActiveCfg = Release|x64
		{102EEFA7-F37C-4FA7-AC25-D4DDC2E797E7}.RelWithDebInfo|x64.Build.0 = Release|x64
		{102EEFA7-F37C-4FA7-AC25-D4DDC2E797E7}.RelWithDebInfo|x86.ActiveCfg = Release|Win32
		{102EEFA7-F37C-4FA7-AC25-D4DDC2E797E7}.RelWithDebInfo|x86.Build.0 = Release|Win32
		{80718343-F2B4-4358-8D44-321CBE687F92}.Debug|x64.ActiveCfg = Debug|x64
		{80718343-F2B4-4358-8D44-321CBE687F92}.Debug|x64.Build.0 = Debug|x64
		{80718343-F2B4-4358-8D44-321CBE687F92}.Debug|x86.ActiveCfg = Debug|Win32
		{80718343-F2B4-4358-8D44-321CBE687F92}.Debug|x86.Build.0 = Debug|Win32
		{80718343-F2B4-4358-8D44-321CBE687F92}.MinSizeRel|x64.ActiveCfg = Debug|x64
		{80718343-F2B4-4358-8D44-321CBE687F92}.MinSizeRel|x64.Build.0 = Debug|x64
		{80718343-F2B4-4358-8D44-321CBE687F92}.MinSizeRel|x86.ActiveCfg = Debug|Win32
		{80718343-F2B4-4358-8D44-321CBE687F92}.MinSizeRel|x86.Build.0 = Debug|Win32
		{80718343-F2B4-4358-8D44-321CBE687F92}.Release|x64.ActiveCfg = Release|x64
		{80718343-F2B4-4358-8D44-321CBE687F92}.Release|x64.Build.0 = Release|x64
		{80718343-F2B4-4358-8D44-321CBE687F92}.Release|x86.ActiveCfg = Release|Win32
		{80718343-F2B4-4358-8D44-321CBE687F92}.Release|x86.Build.0 = Release|Win32
		{80718343-F2B4-4358-8D44-321CBE687F92}.RelWithDebInfo|x64.ActiveCfg = Release|x64
		{80718343-F2B4-4358-8D44-321CBE687F92}.RelWithDebInfo|x64.Build.0 = Release|x64
		{80718343-F2B4-4358-8D44-321CBE687F92}.RelWithDebInfo|x86.ActiveCfg = Release|Win32
		{80718343-F2B4-4358-8D44-321CBE687F92}.RelWithDebInfo|x86.Build.0 = Release|Win32
		{81A0272A-5EF3-30A8-9154-3A5A8DF9AA70}.Debug|x64.ActiveCfg = Debug|x64
		{81A0272A-5EF3-30A8-9154-3A5A8DF9AA70}.Debug|x64.Build.0 = Debug|x64
		{81A0272A-5EF3-30A8-9154-3A5A8DF9AA70}.Debug|x86.ActiveCfg = Debug|x64
		{81A0272A-5EF3-30A8-9154-3A5A8DF9AA70}.Debug|x86.Build.0 = Debug|x64
		{81A0272A-5EF3-30A8-9154-3A5A8DF9AA70}.MinSizeRel|x64.ActiveCfg = MinSizeRel|x64
		{81A0272A-5EF3-30A8-9154-3A5A8DF9AA70}.MinSizeRel|x64.Build.0 = MinSizeRel|x64
		{81A0272A-5EF3-30A8-9154-3A5A8DF9AA70}.MinSizeRel|x86.ActiveCfg = MinSizeRel|x64
		{81A0272A-5EF3-30A8-9154-3A5A8DF9AA70}.MinSizeRel|x86.Build.0 = MinSizeRel|x64
		{81A0272A-5EF3-30A8-9154-3A5A8DF9AA70}.Release|x64.ActiveCfg = Release|x64
		{81A0272A-5EF3-30A8-9154-3A5A8DF9AA70}.Release|x64.Build.0 = Release|x64
		{81A0272A-5EF3-30A8-9154-3A5A8DF9AA70}.Release|x86.ActiveCfg = Release|x64
		{81A0272A-5EF3-30A8-9154-3A5A8DF9AA70}.Release|x86.Build.0 = Release|x64
		{81A0272A-5EF3-30A8-9154-3A5A8DF9AA70}.RelWithDebInfo|x64.ActiveCfg = RelWithDebInfo|x64
		{81A0272A-5EF3-30A8-9154-3A5A8DF9AA70}.RelWithDebInfo|x64.Build.0 = RelWithDebInfo|x64
		{81A0272A-5EF3-30A8-9154-3A5A8DF9AA70}.RelWithDebInfo|x86.ActiveCfg = RelWithDebInfo|x64
		{81A0272A-5EF3-30A8-9154-3A5A8DF9AA70}.RelWithDebInfo|x86.Build.0 = RelWithDebInfo|x64
		{1DBB8594-6BAF-34C0-9998-6AA359588998}.Debug|x64.ActiveCfg = Debug|x64
		{1DBB8594-6BAF-34C0-9998-6AA359588998}.Debug|x64.Build.0 = Debug|x64
		{1DBB8594-6BAF-34C0-9998-6AA359588998}.Debug|x86.ActiveCfg = Debug|x64
		{1DBB8594-6BAF-34C0-9998-6AA359588998}.Debug|x86.Build.0 = Debug|x64
		{1DBB8594-6BAF-34C0-9998-6AA359588998}.MinSizeRel|x64.ActiveCfg = MinSizeRel|x64
		{1DBB8594-6BAF-34C0-9998-6AA359588998}.MinSizeRel|x64.Build.0 = MinSizeRel|x64
		{1DBB8594-6BAF-34C0-9998-6AA359588998}.MinSizeRel|x86.ActiveCfg = MinSizeRel|x64
		{1DBB8594-6BAF-34C0-9998-6AA359588998}.MinSizeRel|x86.Build.0 = MinSizeRel|x64
		{1DBB8594-6BAF-34C0-9998-6AA359588998}.Release|x64.ActiveCfg = Release|x64
		{1DBB8594-6BAF-34C0-9998-6AA359588998}.Release|x64.Build.0 = Release|x64
		{1DBB8594-6BAF-34C0-9998-6AA359588998}.Release|x86.ActiveCfg = Release|x64
		{1DBB8594-6BAF-34C0-9998-6AA359588998}.Release|x86.Build.0 = Release|x64
		{1DBB8594-6BAF-34C0-9998-6AA359588998}.RelWithDebInfo|x64.ActiveCfg = RelWithDebInfo|x64
		{1DBB8594-6BAF-34C0-9998-6AA359588998}.RelWithDebInfo|x64.Build.0 = RelWithDebInfo|x64
		{1DBB8594-6BAF-34C0-9998-6AA359588998}.RelWithDebInfo|x86.ActiveCfg = RelWithDebInfo|x64
		{1DBB8594-6BAF-34C0-9998-6AA359588998}.RelWithDebInfo|x86.Build.0 = RelWithDebInfo|x64
		{169D9787-0F47-3EE4-9056-C52DFC6E922A}.Debug|x64.ActiveCfg = Debug|x64
		{169D9787-0F47-3EE4-9056-C52DFC6E922A}.Debug|x64.Build.0 = Debug|x64
		{169D9787-0F47-3EE4-9056-C52DFC6E922A}.Debug|x86.ActiveCfg = Debug|x64
		{169D9787-0F47-3EE4-9056-C52DFC6E922A}.Debug|x86.Build.0 = Debug|x64
		{169D9787-0F47-3EE4-9056-C52DFC6E922A}.MinSizeRel|x64.ActiveCfg = MinSizeRel|x64
		{169D9787-0F47-3EE4-9056-C52DFC6E922A}.MinSizeRel|x64.Build.0 = MinSizeRel|x64
		{169D9787-0F47-3EE4-9056-C52DFC6E922A}.MinSizeRel|x86.ActiveCfg = MinSizeRel|x64
		{169D9787-0F47-3EE4-9056-C52DFC6E922A}.MinSizeRel|x86.Build.0 = MinSizeRel|x64
		{169D9787-0F47-3EE4-9056-C52DFC6E922A}.Release|x64.ActiveCfg = Release|x64
		{169D9787-0F47-3EE4-9056-C52DFC6E922A}.Release|x64.Build.0 = Release|x64
		{169D9787-0F47-3EE4-9056-C52DFC6E922A}.Release|x86.ActiveCfg = Release|x64
		{169D9787-0F47-3EE4-9056-C52DFC6E922A}.Release|x86.Build.0 = Release|x64
		{169D9787-0F47-3EE4-9056-C52DFC6E922A}.RelWithDebInfo|x64.ActiveCfg = RelWithDebInfo|x64
		{169D9787-0F47-3EE4-9056-C52DFC6E922A}.RelWithDebInfo|x64.Build.0 = RelWithDebInfo|x64
		{169D9787-0F47-3EE4-9056-C52DFC6E922A}.RelWithDebInfo|x86.ActiveCfg = RelWithDebInfo|x64
		{169D9787-0F47-3EE4-9056-C52DFC6E922A}.RelWithDebInfo|x86.Build.0 = RelWithDebInfo|x64
		{90572FC6-3F72-3CB1-A7E3-14D1FC6BF226}.Debug|x64.ActiveCfg = Debug|x64
		{90572FC6-3F72-3CB1-A7E3-14D1FC6BF226}.Debug|x64.Build.0 = Debug|x64
		{90572FC6-3F72-3CB1-A7E3-14D1FC6BF226}.Debug|x86.ActiveCfg = Debug|x64
		{90572FC6-3F72-3CB1-A7E3-14D1FC6BF226}.Debug|x86.Build.0 = Debug|x64
		{90572FC6-3F72-3CB1-A7E3-14D1FC6BF226}.MinSizeRel|x64.ActiveCfg = MinSizeRel|x64
		{90572FC6-3F72-3CB1-A7E3-14D1FC6BF226}.MinSizeRel|x64.Build.0 = MinSizeRel|x64
		{90572FC6-3F72-3CB1-A7E3-14D1FC6BF226}.MinSizeRel|x86.ActiveCfg = MinSizeRel|x64
		{90572FC6-3F72-3CB1-A7E3-14D1FC6BF226}.MinSizeRel|x86.Build.0 = MinSizeRel|x64
		{90572FC6-3F72-3CB1-A7E3-14D1FC6BF226}.Release|x64.ActiveCfg = Release|x64
		{90572FC6-3F72-3CB1-A7E3-14D1FC6BF226}.Release|x64.Build.0 = Release|x64
		{90572FC6-3F72-3CB1-A7E3-14D1FC6BF226}.Release|x86.ActiveCfg = Release|x64
		{90572FC6-3F72-3CB1-A7E3-14D1FC6BF226}.Release|x86.Build.0 = Release|x64
		{90572FC6-3F72-3CB1-A7E3-14D1FC6BF226}.RelWithDebInfo|x64.ActiveCfg = RelWithDebInfo|x64
		{90572FC6-3F72-3CB1-A7E3-14D1FC6BF226}.RelWithDebInfo|x64.Build.0 = RelWithDebInfo|x64
		{90572FC6-3F72-3CB1-A7E3-14D1FC6BF226}.RelWithDebInfo|x86.ActiveCfg = RelWithDebInfo|x64
		{90572FC6-3F72-3CB1-A7E3-14D1FC6BF226}.RelWithDebInfo|x86.Build.0 = RelWithDebInfo|x64
		{F1492EF6-27C2-44CD-A34B-E55F45DA5222}.Debug|x64.ActiveCfg = Debug|x64
		{F1492EF6-27C2-44CD-A34B-E55F45DA5222}.Debug|x64.Build.0 = Debug|x64
		{F1492EF6-27C2-44CD-A34B-E55F45DA5222}.Debug|x86.ActiveCfg = Debug|Win32
		{F1492EF6-27C2-44CD-A34B-E55F45DA5222}.Debug|x86.Build.0 = Debug|Win32
		{F1492EF6-27C2-44CD-A34B-E55F45DA5222}.MinSizeRel|x64.ActiveCfg = Debug|x64
		{F1492EF6-27C2-44CD-A34B-E55F45DA5222}.MinSizeRel|x64.Build.0 = Debug|x64
		{F1492EF6-27C2-44CD-A34B-E55F45DA5222}.MinSizeRel|x86.ActiveCfg = Debug|Win32
		{F1492EF6-27C2-44CD-A34B-E55F45DA5222}.MinSizeRel|x86.Build.0 = Debug|Win32
		{F1492EF6-27C2-44CD-A34B-E55F45DA5222}.Release|x64.ActiveCfg = Release|x64
		{F1492EF6-27C2-44CD-A34B-E55F45DA5222}.Release|x64.Build.0 = Release|x64
		{F1492EF6-27C2-44CD-A34B-E55F45DA5222}.Release|x86.ActiveCfg = Release|Win32
		{F1492EF6-27C2-44CD-A34B-E55F45DA5222}.Release|x86.Build.0 = Release|Win32
		{F1492EF6-27C2-44CD-A34B-E55F45DA5222}.RelWithDebInfo|x64.ActiveCfg = Release|x64
		{F1492EF6-27C2-44CD-A34B-E55F45DA5222}.RelWithDebInfo|x64.Build.0 = Release|x64
		{F1492EF6-27C2-44CD-A34B-E55F45DA5222}.RelWithDebInfo|x86.ActiveCfg = Release|Win32
		{F1492EF6-27C2-44CD-A34B-E55F45DA5222}.RelWithDebInfo|x86.Build.0 = Release|Win32
		{9A48DEA3-C71B-30FC-AC03-8929973872CE}.Debug|x64.ActiveCfg = Debug|x64
		{9A48DEA3-C71B-30FC-AC03-8929973872CE}.Debug|x64.Build.0 = Debug|x64
		{9A48DEA3-C71B-30FC-AC03-8929973872CE}.Debug|x86.ActiveCfg = Debug|x64
		{9A48DEA3-C71B-30FC-AC03-8929973872CE}.Debug|x86.Build.0 = Debug|x64
		{9A48DEA3-C71B-30FC-AC03-8929973872CE}.MinSizeRel|x64.ActiveCfg = MinSizeRel|x64
		{9A48DEA3-C71B-30FC-AC03-8929973872CE}.MinSizeRel|x64.Build.0 = MinSizeRel|x64
		{9A48DEA3-C71B-30FC-AC03-8929973872CE}.MinSizeRel|x86.ActiveCfg = MinSizeRel|x64
		{9A48DEA3-C71B-30FC-AC03-8929973872CE}.MinSizeRel|x86.Build.0 = MinSizeRel|x64
		{9A48DEA3-C71B-30FC-AC03-8929973872CE}.Release|x64.ActiveCfg = Release|x64
		{9A48DEA3-C71B-30FC-AC03-8929973872CE}.Release|x64.Build.0 = Release|x64
		{9A48DEA3-C71B-30FC-AC03-8929973872CE}.Release|x86.ActiveCfg = Release|x64
		{9A48DEA3-C71B-30FC-AC03-8929973872CE}.Release|x86.Build.0 = Release|x64
		{9A48DEA3-C71B-30FC-AC03-8929973872CE}.RelWithDebInfo|x64.ActiveCfg = RelWithDebInfo|x64
		{9A48DEA3-C71B-30FC-AC03-8929973872CE}.RelWithDebInfo|x64.Build.0 = RelWithDebInfo|x64
		{9A48DEA3-C71B-30FC-AC03-8929973872CE}.RelWithDebInfo|x86.ActiveCfg = RelWithDebInfo|x64
		{9A48DEA3-C71B-30FC-AC03-8929973872CE}.RelWithDebInfo|x86.Build.0 = RelWithDebInfo|x64
		{68C7980D-9570-470A-8732-B04717AB5CC6}.Debug|x64.ActiveCfg = Debug|x64
		{68C7980D-9570-470A-8732-B04717AB5CC6}.Debug|x64.Build.0 = Debug|x64
		{68C7980D-9570-470A-8732-B04717AB5CC6}.Debug|x86.ActiveCfg = Debug|Win32
		{68C7980D-9570-470A-8732-B04717AB5CC6}.Debug|x86.Build.0 = Debug|Win32
		{68C7980D-9570-470A-8732-B04717AB5CC6}.MinSizeRel|x64.ActiveCfg = Release|x64
		{68C7980D-9570-470A-8732-B04717AB5CC6}.MinSizeRel|x64.Build.0 = Release|x64
		{68C7980D-9570-470A-8732-B04717AB5CC6}.MinSizeRel|x86.ActiveCfg = Release|Win32
		{68C7980D-9570-470A-8732-B04717AB5CC6}.MinSizeRel|x86.Build.0 = Release|Win32
		{68C7980D-9570-470A-8732-B04717AB5CC6}.Release|x64.ActiveCfg = Release|x64
		{68C7980D-9570-470A-8732-B04717AB5CC6}.Release|x64.Build.0 = Release|x64
		{68C7980D-9570-470A-8732-B04717AB5CC6}.Release|x86.ActiveCfg = Release|Win32
		{68C7980D-9570-470A-8732-B04717AB5CC6}.Release|x86.Build.0 = Release|Win32
		{68C7980D-9570-470A-8732-B04717AB5CC6}.RelWithDebInfo|x64.ActiveCfg = Debug|x64
		{68C7980D-9570-470A-8732-B04717AB5CC6}.RelWithDebInfo|x64.Build.0 = Debug|x64
		{68C7980D-9570-470A-8732-B04717AB5CC6}.RelWithDebInfo|x86.ActiveCfg = Debug|Win32
		{68C7980D-9570-470A-8732-B04717AB5CC6}.RelWithDebInfo|x86.Build.0 = Debug|Win32
	EndGlobalSection
	GlobalSection(SolutionProperties) = preSolution
		HideSolutionNode = FALSE
	EndGlobalSection
	GlobalSection(ExtensibilityGlobals) = postSolution
		SolutionGuid = {D8EC0771-ED08-4A28-8799-80ABD0EF07C9}
	EndGlobalSection
EndGlobal
